
Microsoft Visual Studio Solution File, Format Version 12.00
# Visual Studio Version 17
VisualStudioVersion = 17.9.34723.18
MinimumVisualStudioVersion = 10.0.40219.1
Project("{FAE04EC0-301F-11D3-BF4B-00C04F79EFBC}") = "adressbook2", "adressbook2.csproj", "{8DDAD041-4354-4C22-9282-40DACA415914}"
EndProject
Global
	GlobalSection(SolutionConfigurationPlatforms) = preSolution
		Debug|Any CPU = Debug|Any CPU
		Release|Any CPU = Release|Any CPU
	EndGlobalSection
	GlobalSection(ProjectConfigurationPlatforms) = postSolution
		{8DDAD041-4354-4C22-9282-40DACA415914}.Debug|Any CPU.ActiveCfg = Debug|Any CPU
		{8DDAD041-4354-4C22-9282-40DACA415914}.Debug|Any CPU.Build.0 = Debug|Any CPU
		{8DDAD041-4354-4C22-9282-40DACA415914}.Release|Any CPU.ActiveCfg = Release|Any CPU
		{8DDAD041-4354-4C22-9282-40DACA415914}.Release|Any CPU.Build.0 = Release|Any CPU
	EndGlobalSection
	GlobalSection(SolutionProperties) = preSolution
		HideSolutionNode = FALSE
	EndGlobalSection
	GlobalSection(ExtensibilityGlobals) = postSolution
		SolutionGuid = {EB1C8F76-8C2A-4E72-ABDC-CF7821B95AD6}
	EndGlobalSection
EndGlobal
